
Microsoft Visual Studio Solution File, Format Version 12.00
# Visual Studio 2012
Project("{FAE04EC0-301F-11D3-BF4B-00C04F79EFBC}") = "RxExample1", "RxExample1\RxExample1.csproj", "{DACD1918-57D9-462A-AF83-48F1E3AFF88D}"
EndProject
Project("{FAE04EC0-301F-11D3-BF4B-00C04F79EFBC}") = "RxExample2", "RxExample2\RxExample2.csproj", "{D0019463-F49D-4E1F-A5F1-BD11F14EBBCE}"
EndProject
Project("{FAE04EC0-301F-11D3-BF4B-00C04F79EFBC}") = "RxExample3", "RxExample3\RxExample3.csproj", "{CF7140F7-3676-4860-8B9C-B3B4B05C44CE}"
EndProject
Project("{FAE04EC0-301F-11D3-BF4B-00C04F79EFBC}") = "RxExample4", "RxExample4\RxExample4.csproj", "{0BF14479-2808-4378-BAFE-820758CB63CD}"
EndProject
Project("{2150E333-8FDC-42A3-9474-1A3956D46DE8}") = ".nuget", ".nuget", "{9889F0C3-5EEF-4929-9EF4-58105A131B64}"
	ProjectSection(SolutionItems) = preProject
		.nuget\NuGet.Config = .nuget\NuGet.Config
		.nuget\NuGet.exe = .nuget\NuGet.exe
		.nuget\NuGet.targets = .nuget\NuGet.targets
	EndProjectSection
EndProject
Project("{FAE04EC0-301F-11D3-BF4B-00C04F79EFBC}") = "SearchExample", "TwitterSearch\SearchExample.csproj", "{30D6A186-A469-44DE-8C70-7F59D78D2AC6}"
EndProject
Project("{FAE04EC0-301F-11D3-BF4B-00C04F79EFBC}") = "ConsoleApplication1", "ConsoleApplication1\ConsoleApplication1.csproj", "{7151A867-4E76-4A31-802C-AF075FB357F3}"
EndProject
Project("{FAE04EC0-301F-11D3-BF4B-00C04F79EFBC}") = "TestExample", "TestExample\TestExample.csproj", "{CC7E4373-051C-41EA-BA7D-B2E246A08A20}"
EndProject
Global
	GlobalSection(SolutionConfigurationPlatforms) = preSolution
		Debug|Any CPU = Debug|Any CPU
		Release|Any CPU = Release|Any CPU
	EndGlobalSection
	GlobalSection(ProjectConfigurationPlatforms) = postSolution
		{DACD1918-57D9-462A-AF83-48F1E3AFF88D}.Debug|Any CPU.ActiveCfg = Debug|Any CPU
		{DACD1918-57D9-462A-AF83-48F1E3AFF88D}.Debug|Any CPU.Build.0 = Debug|Any CPU
		{DACD1918-57D9-462A-AF83-48F1E3AFF88D}.Release|Any CPU.ActiveCfg = Release|Any CPU
		{DACD1918-57D9-462A-AF83-48F1E3AFF88D}.Release|Any CPU.Build.0 = Release|Any CPU
		{D0019463-F49D-4E1F-A5F1-BD11F14EBBCE}.Debug|Any CPU.ActiveCfg = Debug|Any CPU
		{D0019463-F49D-4E1F-A5F1-BD11F14EBBCE}.Debug|Any CPU.Build.0 = Debug|Any CPU
		{D0019463-F49D-4E1F-A5F1-BD11F14EBBCE}.Release|Any CPU.ActiveCfg = Release|Any CPU
		{D0019463-F49D-4E1F-A5F1-BD11F14EBBCE}.Release|Any CPU.Build.0 = Release|Any CPU
		{CF7140F7-3676-4860-8B9C-B3B4B05C44CE}.Debug|Any CPU.ActiveCfg = Debug|Any CPU
		{CF7140F7-3676-4860-8B9C-B3B4B05C44CE}.Debug|Any CPU.Build.0 = Debug|Any CPU
		{CF7140F7-3676-4860-8B9C-B3B4B05C44CE}.Release|Any CPU.ActiveCfg = Release|Any CPU
		{CF7140F7-3676-4860-8B9C-B3B4B05C44CE}.Release|Any CPU.Build.0 = Release|Any CPU
		{0BF14479-2808-4378-BAFE-820758CB63CD}.Debug|Any CPU.ActiveCfg = Debug|Any CPU
		{0BF14479-2808-4378-BAFE-820758CB63CD}.Debug|Any CPU.Build.0 = Debug|Any CPU
		{0BF14479-2808-4378-BAFE-820758CB63CD}.Release|Any CPU.ActiveCfg = Release|Any CPU
		{0BF14479-2808-4378-BAFE-820758CB63CD}.Release|Any CPU.Build.0 = Release|Any CPU
		{30D6A186-A469-44DE-8C70-7F59D78D2AC6}.Debug|Any CPU.ActiveCfg = Debug|Any CPU
		{30D6A186-A469-44DE-8C70-7F59D78D2AC6}.Debug|Any CPU.Build.0 = Debug|Any CPU
		{30D6A186-A469-44DE-8C70-7F59D78D2AC6}.Release|Any CPU.ActiveCfg = Release|Any CPU
		{30D6A186-A469-44DE-8C70-7F59D78D2AC6}.Release|Any CPU.Build.0 = Release|Any CPU
		{7151A867-4E76-4A31-802C-AF075FB357F3}.Debug|Any CPU.ActiveCfg = Debug|Any CPU
		{7151A867-4E76-4A31-802C-AF075FB357F3}.Debug|Any CPU.Build.0 = Debug|Any CPU
		{7151A867-4E76-4A31-802C-AF075FB357F3}.Release|Any CPU.ActiveCfg = Release|Any CPU
		{7151A867-4E76-4A31-802C-AF075FB357F3}.Release|Any CPU.Build.0 = Release|Any CPU
		{CC7E4373-051C-41EA-BA7D-B2E246A08A20}.Debug|Any CPU.ActiveCfg = Debug|Any CPU
		{CC7E4373-051C-41EA-BA7D-B2E246A08A20}.Debug|Any CPU.Build.0 = Debug|Any CPU
		{CC7E4373-051C-41EA-BA7D-B2E246A08A20}.Release|Any CPU.ActiveCfg = Release|Any CPU
		{CC7E4373-051C-41EA-BA7D-B2E246A08A20}.Release|Any CPU.Build.0 = Release|Any CPU
	EndGlobalSection
	GlobalSection(SolutionProperties) = preSolution
		HideSolutionNode = FALSE
	EndGlobalSection
EndGlobal
